{
  "version": 4,
  "terraform_version": "1.11.3",
  "serial": 3,
  "lineage": "41a93d59-4cda-4b5e-0388-33fae247de47",
  "outputs": {
    "instance_ip": {
      "value": "34.55.94.152",
      "type": "string"
    },
    "instance_name": {
      "value": "lms-instance",
      "type": "string"
    },
    "instance_zone": {
      "value": "us-central1-a",
      "type": "string"
    }
  },
  "resources": [
    {
      "mode": "managed",
      "type": "google_compute_firewall",
      "name": "allow_http",
      "provider": "provider[\"registry.terraform.io/hashicorp/google\"]",
      "instances": [
        {
          "schema_version": 1,
          "attributes": {
            "allow": [
              {
                "ports": [
                  "80",
                  "443",
                  "4000"
                ],
                "protocol": "tcp"
              }
            ],
            "creation_timestamp": "2025-04-08T08:52:00.837-07:00",
            "deny": [],
            "description": "",
            "destination_ranges": [],
            "direction": "INGRESS",
            "disabled": false,
            "enable_logging": null,
            "id": "projects/nice-tiger-452122-s2/global/firewalls/allow-http",
            "log_config": [],
            "name": "allow-http",
            "network": "https://www.googleapis.com/compute/v1/projects/nice-tiger-452122-s2/global/networks/default",
            "priority": 1000,
            "project": "nice-tiger-452122-s2",
            "self_link": "https://www.googleapis.com/compute/v1/projects/nice-tiger-452122-s2/global/firewalls/allow-http",
            "source_ranges": [
              "0.0.0.0/0"
            ],
            "source_service_accounts": null,
            "source_tags": null,
            "target_service_accounts": null,
            "target_tags": [
              "http-server"
            ],
            "timeouts": null
          },
          "sensitive_attributes": [],
          "private": "eyJlMmJmYjczMC1lY2FhLTExZTYtOGY4OC0zNDM2M2JjN2M0YzAiOnsiY3JlYXRlIjoxMjAwMDAwMDAwMDAwLCJkZWxldGUiOjEyMDAwMDAwMDAwMDAsInVwZGF0ZSI6MTIwMDAwMDAwMDAwMH0sInNjaGVtYV92ZXJzaW9uIjoiMSJ9"
        }
      ]
    },
    {
      "mode": "managed",
      "type": "google_compute_instance",
      "name": "vm_instance",
      "provider": "provider[\"registry.terraform.io/hashicorp/google\"]",
      "instances": [
        {
          "schema_version": 6,
          "attributes": {
            "advanced_machine_features": [],
            "allow_stopping_for_update": null,
            "attached_disk": [],
            "boot_disk": [
              {
                "auto_delete": true,
                "device_name": "persistent-disk-0",
                "disk_encryption_key_raw": "",
                "disk_encryption_key_sha256": "",
                "initialize_params": [
                  {
                    "image": "https://www.googleapis.com/compute/v1/projects/ubuntu-os-cloud/global/images/ubuntu-2204-jammy-v20250312",
                    "labels": {},
                    "resource_manager_tags": null,
                    "size": 20,
                    "type": "pd-standard"
                  }
                ],
                "kms_key_self_link": "",
                "mode": "READ_WRITE",
                "source": "https://www.googleapis.com/compute/v1/projects/nice-tiger-452122-s2/zones/us-central1-a/disks/lms-instance"
              }
            ],
            "can_ip_forward": false,
            "confidential_instance_config": [],
            "cpu_platform": "Intel Broadwell",
            "current_status": "RUNNING",
            "deletion_protection": false,
            "description": "",
            "desired_status": null,
            "enable_display": false,
            "guest_accelerator": [],
            "hostname": "",
            "id": "projects/nice-tiger-452122-s2/zones/us-central1-a/instances/lms-instance",
            "instance_id": "1762656265015195853",
            "label_fingerprint": "42WmSpB8rSM=",
            "labels": null,
            "machine_type": "e2-medium",
            "metadata": {
              "ssh-keys": "ubuntu:ssh-rsa AAAAB3NzaC1yc2EAAAADAQABAAABAHNoEYvXlo6b8SKlRQVIv8Z018H/8JxmfrCtgMhg1CRHIb85KEZFT1mr4BZ4bJd8p9iIb03CxE5XfB/FmXiKgag0pkAEIc/55TQaRXRl9h3Etpr1Gr+g9a3eSXmOYGpQO5eWrlsmtlfp6wLtYb9j7gyyE25zmOCiwBDMUoyx+pQT/t073lT+BmkCLuzxw8JeQIzWF+XJfqZq/M2t6g5FiMX195c9Q3rKhCnFWMjVXTwBoP+LQmd109S0iLDe+lI+ceQJ323z2+uPHieGR433vqq9iFCqZ5CVIu6oD+vd6BWRR0st/gN/GuXlk+O3ekjUKlxN4kYVIlXzyWhU2mPWRmc= bhumikas0405@gmail.com"
            },
            "metadata_fingerprint": "5CcslZmt2lw=",
            "metadata_startup_script": "#!/bin/bash\napt-get update\n",
            "min_cpu_platform": "",
            "name": "lms-instance",
            "network_interface": [
              {
                "access_config": [
                  {
                    "nat_ip": "34.55.94.152",
                    "network_tier": "PREMIUM",
                    "public_ptr_domain_name": ""
                  }
                ],
                "alias_ip_range": [],
                "internal_ipv6_prefix_length": 0,
                "ipv6_access_config": [],
                "ipv6_access_type": "",
                "ipv6_address": "",
                "name": "nic0",
                "network": "https://www.googleapis.com/compute/v1/projects/nice-tiger-452122-s2/global/networks/default",
                "network_ip": "10.128.0.4",
                "nic_type": "",
                "queue_count": 0,
                "stack_type": "IPV4_ONLY",
                "subnetwork": "https://www.googleapis.com/compute/v1/projects/nice-tiger-452122-s2/regions/us-central1/subnetworks/default",
                "subnetwork_project": "nice-tiger-452122-s2"
              }
            ],
            "network_performance_config": [],
            "params": [],
            "project": "nice-tiger-452122-s2",
            "reservation_affinity": [],
            "resource_policies": null,
            "scheduling": [
              {
                "automatic_restart": true,
                "instance_termination_action": "",
                "local_ssd_recovery_timeout": [],
                "min_node_cpus": 0,
                "node_affinities": [],
                "on_host_maintenance": "MIGRATE",
                "preemptible": false,
                "provisioning_model": "STANDARD"
              }
            ],
            "scratch_disk": [],
            "self_link": "https://www.googleapis.com/compute/v1/projects/nice-tiger-452122-s2/zones/us-central1-a/instances/lms-instance",
            "service_account": [],
            "shielded_instance_config": [
              {
                "enable_integrity_monitoring": true,
                "enable_secure_boot": false,
                "enable_vtpm": true
              }
            ],
            "tags": [
              "http-server",
              "https-server"
            ],
            "tags_fingerprint": "6smc4R4d39I=",
            "timeouts": null,
            "zone": "us-central1-a"
          },
          "sensitive_attributes": [
            [
              {
                "type": "get_attr",
                "value": "boot_disk"
              },
              {
                "type": "index",
                "value": {
                  "value": 0,
                  "type": "number"
                }
              },
              {
                "type": "get_attr",
                "value": "disk_encryption_key_raw"
              }
            ]
          ],
          "private": "eyJlMmJmYjczMC1lY2FhLTExZTYtOGY4OC0zNDM2M2JjN2M0YzAiOnsiY3JlYXRlIjoxMjAwMDAwMDAwMDAwLCJkZWxldGUiOjEyMDAwMDAwMDAwMDAsInVwZGF0ZSI6MTIwMDAwMDAwMDAwMH0sInNjaGVtYV92ZXJzaW9uIjoiNiJ9"
        }
      ]
    }
  ],
  "check_results": null
}
